{"filter":false,"title":"yarn.lock","tooltip":"/yarn.lock","undoManager":{"mark":-1,"position":-1,"stack":[]},"ace":{"folds":[],"scrolltop":2640,"scrollleft":0,"selection":{"start":{"row":0,"column":0},"end":{"row":0,"column":0},"isBackwards":false},"options":{"guessTabSize":true,"useWrapMode":false,"wrapToView":true},"firstLineState":{"row":164,"state":"start","mode":"ace/mode/text"}},"timestamp":1648647209239,"hash":"7c0ad8f524ffbf46b5468619c1489eb07ea0760f"}